
Microsoft Visual Studio Solution File, Format Version 12.00
# Visual Studio 15
VisualStudioVersion = 15.0.26730.12
MinimumVisualStudioVersion = 10.0.40219.1
Project("{8BC9CEB8-8B4A-11D0-8D11-00A0C91BC942}") = "05.10.2017L", "05.10.2017L\05.10.2017L.vcxproj", "{A4CFF428-8BA2-4859-8B22-362A685424DC}"
EndProject
Global
	GlobalSection(SolutionConfigurationPlatforms) = preSolution
		Debug|x64 = Debug|x64
		Debug|x86 = Debug|x86
		Release|x64 = Release|x64
		Release|x86 = Release|x86
	EndGlobalSection
	GlobalSection(ProjectConfigurationPlatforms) = postSolution
		{A4CFF428-8BA2-4859-8B22-362A685424DC}.Debug|x64.ActiveCfg = Debug|x64
		{A4CFF428-8BA2-4859-8B22-362A685424DC}.Debug|x64.Build.0 = Debug|x64
		{A4CFF428-8BA2-4859-8B22-362A685424DC}.Debug|x86.ActiveCfg = Debug|Win32
		{A4CFF428-8BA2-4859-8B22-362A685424DC}.Debug|x86.Build.0 = Debug|Win32
		{A4CFF428-8BA2-4859-8B22-362A685424DC}.Release|x64.ActiveCfg = Release|x64
		{A4CFF428-8BA2-4859-8B22-362A685424DC}.Release|x64.Build.0 = Release|x64
		{A4CFF428-8BA2-4859-8B22-362A685424DC}.Release|x86.ActiveCfg = Release|Win32
		{A4CFF428-8BA2-4859-8B22-362A685424DC}.Release|x86.Build.0 = Release|Win32
	EndGlobalSection
	GlobalSection(SolutionProperties) = preSolution
		HideSolutionNode = FALSE
	EndGlobalSection
	GlobalSection(ExtensibilityGlobals) = postSolution
		SolutionGuid = {9A225259-3F01-4B37-8675-2B81C7010966}
	EndGlobalSection
EndGlobal
