
Microsoft Visual Studio Solution File, Format Version 12.00
# Visual Studio 15
VisualStudioVersion = 15.0.28010.2050
MinimumVisualStudioVersion = 10.0.40219.1
Project("{888888A0-9F3D-457C-B088-3A5042F75D52}") = "L9_1", "L9\L9_1.pyproj", "{4E2F9804-2456-44CD-8303-BE001F69B748}"
EndProject
Project("{888888A0-9F3D-457C-B088-3A5042F75D52}") = "L9_2", "9_2\L9_2.pyproj", "{FC03D16D-A0C9-4154-96A0-40B221A5AE8A}"
EndProject
Project("{888888A0-9F3D-457C-B088-3A5042F75D52}") = "L9_3", "L9_3\L9_3.pyproj", "{C57AF463-00D6-4705-9462-FABAD032105B}"
EndProject
Project("{888888A0-9F3D-457C-B088-3A5042F75D52}") = "L9_4", "L9_4\L9_4.pyproj", "{1B5C5993-A6D9-40B8-BB18-E717DC6131F4}"
EndProject
Project("{888888A0-9F3D-457C-B088-3A5042F75D52}") = "L9_5", "L9_5\L9_5.pyproj", "{C6270A56-C534-49A6-844F-FAE2EEC7BE09}"
EndProject
Global
	GlobalSection(SolutionConfigurationPlatforms) = preSolution
		Debug|Any CPU = Debug|Any CPU
		Release|Any CPU = Release|Any CPU
	EndGlobalSection
	GlobalSection(ProjectConfigurationPlatforms) = postSolution
		{4E2F9804-2456-44CD-8303-BE001F69B748}.Debug|Any CPU.ActiveCfg = Debug|Any CPU
		{4E2F9804-2456-44CD-8303-BE001F69B748}.Release|Any CPU.ActiveCfg = Release|Any CPU
		{FC03D16D-A0C9-4154-96A0-40B221A5AE8A}.Debug|Any CPU.ActiveCfg = Debug|Any CPU
		{FC03D16D-A0C9-4154-96A0-40B221A5AE8A}.Release|Any CPU.ActiveCfg = Release|Any CPU
		{C57AF463-00D6-4705-9462-FABAD032105B}.Debug|Any CPU.ActiveCfg = Debug|Any CPU
		{C57AF463-00D6-4705-9462-FABAD032105B}.Release|Any CPU.ActiveCfg = Release|Any CPU
		{1B5C5993-A6D9-40B8-BB18-E717DC6131F4}.Debug|Any CPU.ActiveCfg = Debug|Any CPU
		{1B5C5993-A6D9-40B8-BB18-E717DC6131F4}.Release|Any CPU.ActiveCfg = Release|Any CPU
		{C6270A56-C534-49A6-844F-FAE2EEC7BE09}.Debug|Any CPU.ActiveCfg = Debug|Any CPU
		{C6270A56-C534-49A6-844F-FAE2EEC7BE09}.Release|Any CPU.ActiveCfg = Release|Any CPU
	EndGlobalSection
	GlobalSection(SolutionProperties) = preSolution
		HideSolutionNode = FALSE
	EndGlobalSection
	GlobalSection(ExtensibilityGlobals) = postSolution
		SolutionGuid = {7CAC14DC-0A5B-47CC-9C60-30B90BB2B512}
	EndGlobalSection
EndGlobal
