
Microsoft Visual Studio Solution File, Format Version 12.00
# Visual Studio 15
VisualStudioVersion = 15.0.27130.2027
MinimumVisualStudioVersion = 10.0.40219.1
Project("{FAE04EC0-301F-11D3-BF4B-00C04F79EFBC}") = "27.03.18L", "27.03.18L\27.03.18L.csproj", "{456177E4-4B9C-4A6E-8B7F-5F2506F56203}"
EndProject
Global
	GlobalSection(SolutionConfigurationPlatforms) = preSolution
		Debug|Any CPU = Debug|Any CPU
		Release|Any CPU = Release|Any CPU
	EndGlobalSection
	GlobalSection(ProjectConfigurationPlatforms) = postSolution
		{456177E4-4B9C-4A6E-8B7F-5F2506F56203}.Debug|Any CPU.ActiveCfg = Debug|Any CPU
		{456177E4-4B9C-4A6E-8B7F-5F2506F56203}.Debug|Any CPU.Build.0 = Debug|Any CPU
		{456177E4-4B9C-4A6E-8B7F-5F2506F56203}.Release|Any CPU.ActiveCfg = Release|Any CPU
		{456177E4-4B9C-4A6E-8B7F-5F2506F56203}.Release|Any CPU.Build.0 = Release|Any CPU
	EndGlobalSection
	GlobalSection(SolutionProperties) = preSolution
		HideSolutionNode = FALSE
	EndGlobalSection
	GlobalSection(ExtensibilityGlobals) = postSolution
		SolutionGuid = {5488C0B8-107A-426B-A2BE-D7256FA62492}
	EndGlobalSection
EndGlobal
