
Microsoft Visual Studio Solution File, Format Version 12.00
# Visual Studio 15
VisualStudioVersion = 15.0.27130.2027
MinimumVisualStudioVersion = 10.0.40219.1
Project("{8BC9CEB8-8B4A-11D0-8D11-00A0C91BC942}") = "L1", "L1\L1.vcxproj", "{2C5E6C07-AA9A-471E-BB81-EB25C4FEFC0A}"
EndProject
Global
	GlobalSection(SolutionConfigurationPlatforms) = preSolution
		Debug|x64 = Debug|x64
		Debug|x86 = Debug|x86
		Release|x64 = Release|x64
		Release|x86 = Release|x86
	EndGlobalSection
	GlobalSection(ProjectConfigurationPlatforms) = postSolution
		{2C5E6C07-AA9A-471E-BB81-EB25C4FEFC0A}.Debug|x64.ActiveCfg = Debug|x64
		{2C5E6C07-AA9A-471E-BB81-EB25C4FEFC0A}.Debug|x64.Build.0 = Debug|x64
		{2C5E6C07-AA9A-471E-BB81-EB25C4FEFC0A}.Debug|x86.ActiveCfg = Debug|Win32
		{2C5E6C07-AA9A-471E-BB81-EB25C4FEFC0A}.Debug|x86.Build.0 = Debug|Win32
		{2C5E6C07-AA9A-471E-BB81-EB25C4FEFC0A}.Release|x64.ActiveCfg = Release|x64
		{2C5E6C07-AA9A-471E-BB81-EB25C4FEFC0A}.Release|x64.Build.0 = Release|x64
		{2C5E6C07-AA9A-471E-BB81-EB25C4FEFC0A}.Release|x86.ActiveCfg = Release|Win32
		{2C5E6C07-AA9A-471E-BB81-EB25C4FEFC0A}.Release|x86.Build.0 = Release|Win32
	EndGlobalSection
	GlobalSection(SolutionProperties) = preSolution
		HideSolutionNode = FALSE
	EndGlobalSection
	GlobalSection(ExtensibilityGlobals) = postSolution
		SolutionGuid = {083FD96B-DCAE-40A0-9239-E40DD8E07D9E}
	EndGlobalSection
EndGlobal
