
Microsoft Visual Studio Solution File, Format Version 12.00
# Visual Studio 15
VisualStudioVersion = 15.0.26730.16
MinimumVisualStudioVersion = 10.0.40219.1
Project("{8BC9CEB8-8B4A-11D0-8D11-00A0C91BC942}") = "19.10.2017OB", "19.10.2017OB\19.10.2017OB.vcxproj", "{7BDD22BA-120D-450A-A86A-BD5FC35A5113}"
EndProject
Global
	GlobalSection(SolutionConfigurationPlatforms) = preSolution
		Debug|x64 = Debug|x64
		Debug|x86 = Debug|x86
		Release|x64 = Release|x64
		Release|x86 = Release|x86
	EndGlobalSection
	GlobalSection(ProjectConfigurationPlatforms) = postSolution
		{7BDD22BA-120D-450A-A86A-BD5FC35A5113}.Debug|x64.ActiveCfg = Debug|x64
		{7BDD22BA-120D-450A-A86A-BD5FC35A5113}.Debug|x64.Build.0 = Debug|x64
		{7BDD22BA-120D-450A-A86A-BD5FC35A5113}.Debug|x86.ActiveCfg = Debug|Win32
		{7BDD22BA-120D-450A-A86A-BD5FC35A5113}.Debug|x86.Build.0 = Debug|Win32
		{7BDD22BA-120D-450A-A86A-BD5FC35A5113}.Release|x64.ActiveCfg = Release|x64
		{7BDD22BA-120D-450A-A86A-BD5FC35A5113}.Release|x64.Build.0 = Release|x64
		{7BDD22BA-120D-450A-A86A-BD5FC35A5113}.Release|x86.ActiveCfg = Release|Win32
		{7BDD22BA-120D-450A-A86A-BD5FC35A5113}.Release|x86.Build.0 = Release|Win32
	EndGlobalSection
	GlobalSection(SolutionProperties) = preSolution
		HideSolutionNode = FALSE
	EndGlobalSection
	GlobalSection(ExtensibilityGlobals) = postSolution
		SolutionGuid = {C7843A6C-A5CC-4827-B8EE-94A3737828F8}
	EndGlobalSection
EndGlobal
