
Microsoft Visual Studio Solution File, Format Version 12.00
# Visual Studio 15
VisualStudioVersion = 15.0.27703.2000
MinimumVisualStudioVersion = 10.0.40219.1
Project("{FAE04EC0-301F-11D3-BF4B-00C04F79EFBC}") = "L3", "L3\L3.csproj", "{2408B6FF-ECAD-4276-B670-A4D3527FB1A3}"
EndProject
Global
	GlobalSection(SolutionConfigurationPlatforms) = preSolution
		Debug|Any CPU = Debug|Any CPU
		Release|Any CPU = Release|Any CPU
	EndGlobalSection
	GlobalSection(ProjectConfigurationPlatforms) = postSolution
		{2408B6FF-ECAD-4276-B670-A4D3527FB1A3}.Debug|Any CPU.ActiveCfg = Debug|Any CPU
		{2408B6FF-ECAD-4276-B670-A4D3527FB1A3}.Debug|Any CPU.Build.0 = Debug|Any CPU
		{2408B6FF-ECAD-4276-B670-A4D3527FB1A3}.Release|Any CPU.ActiveCfg = Release|Any CPU
		{2408B6FF-ECAD-4276-B670-A4D3527FB1A3}.Release|Any CPU.Build.0 = Release|Any CPU
	EndGlobalSection
	GlobalSection(SolutionProperties) = preSolution
		HideSolutionNode = FALSE
	EndGlobalSection
	GlobalSection(ExtensibilityGlobals) = postSolution
		SolutionGuid = {C40D81FD-6DB5-4D20-A341-6B4E7F9CEA60}
	EndGlobalSection
EndGlobal
