
Microsoft Visual Studio Solution File, Format Version 12.00
# Visual Studio 15
VisualStudioVersion = 15.0.27130.2027
MinimumVisualStudioVersion = 10.0.40219.1
Project("{FAE04EC0-301F-11D3-BF4B-00C04F79EFBC}") = "L10 Stuctural Patterns", "L10 Stuctural Patterns\L10 Stuctural Patterns.csproj", "{FC3C6431-01FC-48DB-8B91-0132A03EA2E7}"
EndProject
Global
	GlobalSection(SolutionConfigurationPlatforms) = preSolution
		Debug|Any CPU = Debug|Any CPU
		Release|Any CPU = Release|Any CPU
	EndGlobalSection
	GlobalSection(ProjectConfigurationPlatforms) = postSolution
		{FC3C6431-01FC-48DB-8B91-0132A03EA2E7}.Debug|Any CPU.ActiveCfg = Debug|Any CPU
		{FC3C6431-01FC-48DB-8B91-0132A03EA2E7}.Debug|Any CPU.Build.0 = Debug|Any CPU
		{FC3C6431-01FC-48DB-8B91-0132A03EA2E7}.Release|Any CPU.ActiveCfg = Release|Any CPU
		{FC3C6431-01FC-48DB-8B91-0132A03EA2E7}.Release|Any CPU.Build.0 = Release|Any CPU
	EndGlobalSection
	GlobalSection(SolutionProperties) = preSolution
		HideSolutionNode = FALSE
	EndGlobalSection
	GlobalSection(ExtensibilityGlobals) = postSolution
		SolutionGuid = {6DBA79EF-E899-427D-BCB2-854DAB39B3F9}
	EndGlobalSection
EndGlobal
