
Microsoft Visual Studio Solution File, Format Version 12.00
# Visual Studio 15
VisualStudioVersion = 15.0.28010.2050
MinimumVisualStudioVersion = 10.0.40219.1
Project("{888888A0-9F3D-457C-B088-3A5042F75D52}") = "L7", "L7\L7.pyproj", "{E5A600B6-90E7-489E-9B38-06DFD6FA27A2}"
EndProject
Project("{888888A0-9F3D-457C-B088-3A5042F75D52}") = "L7_2", "L7_2\L7_2.pyproj", "{5F8AE99F-355E-43A2-AA2C-DBA1DA51E0DC}"
EndProject
Project("{888888A0-9F3D-457C-B088-3A5042F75D52}") = "L7_3", "L7_3\L7_3.pyproj", "{8424D577-5B7C-440B-B0DA-12B92B676D68}"
EndProject
Global
	GlobalSection(SolutionConfigurationPlatforms) = preSolution
		Debug|Any CPU = Debug|Any CPU
		Release|Any CPU = Release|Any CPU
	EndGlobalSection
	GlobalSection(ProjectConfigurationPlatforms) = postSolution
		{E5A600B6-90E7-489E-9B38-06DFD6FA27A2}.Debug|Any CPU.ActiveCfg = Debug|Any CPU
		{E5A600B6-90E7-489E-9B38-06DFD6FA27A2}.Release|Any CPU.ActiveCfg = Release|Any CPU
		{5F8AE99F-355E-43A2-AA2C-DBA1DA51E0DC}.Debug|Any CPU.ActiveCfg = Debug|Any CPU
		{5F8AE99F-355E-43A2-AA2C-DBA1DA51E0DC}.Release|Any CPU.ActiveCfg = Release|Any CPU
		{8424D577-5B7C-440B-B0DA-12B92B676D68}.Debug|Any CPU.ActiveCfg = Debug|Any CPU
		{8424D577-5B7C-440B-B0DA-12B92B676D68}.Release|Any CPU.ActiveCfg = Release|Any CPU
	EndGlobalSection
	GlobalSection(SolutionProperties) = preSolution
		HideSolutionNode = FALSE
	EndGlobalSection
	GlobalSection(ExtensibilityGlobals) = postSolution
		SolutionGuid = {188EA559-81E3-4AA8-AC0A-6095343ECF39}
	EndGlobalSection
EndGlobal
