
Microsoft Visual Studio Solution File, Format Version 12.00
# Visual Studio 15
VisualStudioVersion = 15.0.26730.12
MinimumVisualStudioVersion = 10.0.40219.1
Project("{8BC9CEB8-8B4A-11D0-8D11-00A0C91BC942}") = "05.10.2017S", "05.10.2017S\05.10.2017S.vcxproj", "{3FBB7F15-B26B-46D3-B4FD-6E4343E2DB4F}"
EndProject
Global
	GlobalSection(SolutionConfigurationPlatforms) = preSolution
		Debug|x64 = Debug|x64
		Debug|x86 = Debug|x86
		Release|x64 = Release|x64
		Release|x86 = Release|x86
	EndGlobalSection
	GlobalSection(ProjectConfigurationPlatforms) = postSolution
		{3FBB7F15-B26B-46D3-B4FD-6E4343E2DB4F}.Debug|x64.ActiveCfg = Debug|x64
		{3FBB7F15-B26B-46D3-B4FD-6E4343E2DB4F}.Debug|x64.Build.0 = Debug|x64
		{3FBB7F15-B26B-46D3-B4FD-6E4343E2DB4F}.Debug|x86.ActiveCfg = Debug|Win32
		{3FBB7F15-B26B-46D3-B4FD-6E4343E2DB4F}.Debug|x86.Build.0 = Debug|Win32
		{3FBB7F15-B26B-46D3-B4FD-6E4343E2DB4F}.Release|x64.ActiveCfg = Release|x64
		{3FBB7F15-B26B-46D3-B4FD-6E4343E2DB4F}.Release|x64.Build.0 = Release|x64
		{3FBB7F15-B26B-46D3-B4FD-6E4343E2DB4F}.Release|x86.ActiveCfg = Release|Win32
		{3FBB7F15-B26B-46D3-B4FD-6E4343E2DB4F}.Release|x86.Build.0 = Release|Win32
	EndGlobalSection
	GlobalSection(SolutionProperties) = preSolution
		HideSolutionNode = FALSE
	EndGlobalSection
	GlobalSection(ExtensibilityGlobals) = postSolution
		SolutionGuid = {DB784429-CEFC-4225-81C3-80220AA0F952}
	EndGlobalSection
EndGlobal
