
Microsoft Visual Studio Solution File, Format Version 12.00
# Visual Studio 15
VisualStudioVersion = 15.0.26730.16
MinimumVisualStudioVersion = 10.0.40219.1
Project("{8BC9CEB8-8B4A-11D0-8D11-00A0C91BC942}") = "19.10.17V", "19.10.17V\19.10.17V.vcxproj", "{53BCADB1-0BA0-4D44-A0AE-D044B67F8E7C}"
EndProject
Global
	GlobalSection(SolutionConfigurationPlatforms) = preSolution
		Debug|x64 = Debug|x64
		Debug|x86 = Debug|x86
		Release|x64 = Release|x64
		Release|x86 = Release|x86
	EndGlobalSection
	GlobalSection(ProjectConfigurationPlatforms) = postSolution
		{53BCADB1-0BA0-4D44-A0AE-D044B67F8E7C}.Debug|x64.ActiveCfg = Debug|x64
		{53BCADB1-0BA0-4D44-A0AE-D044B67F8E7C}.Debug|x64.Build.0 = Debug|x64
		{53BCADB1-0BA0-4D44-A0AE-D044B67F8E7C}.Debug|x86.ActiveCfg = Debug|Win32
		{53BCADB1-0BA0-4D44-A0AE-D044B67F8E7C}.Debug|x86.Build.0 = Debug|Win32
		{53BCADB1-0BA0-4D44-A0AE-D044B67F8E7C}.Release|x64.ActiveCfg = Release|x64
		{53BCADB1-0BA0-4D44-A0AE-D044B67F8E7C}.Release|x64.Build.0 = Release|x64
		{53BCADB1-0BA0-4D44-A0AE-D044B67F8E7C}.Release|x86.ActiveCfg = Release|Win32
		{53BCADB1-0BA0-4D44-A0AE-D044B67F8E7C}.Release|x86.Build.0 = Release|Win32
	EndGlobalSection
	GlobalSection(SolutionProperties) = preSolution
		HideSolutionNode = FALSE
	EndGlobalSection
	GlobalSection(ExtensibilityGlobals) = postSolution
		SolutionGuid = {07C73C42-D38C-40C2-89C5-525314C13054}
	EndGlobalSection
EndGlobal
