
Microsoft Visual Studio Solution File, Format Version 12.00
# Visual Studio 15
VisualStudioVersion = 15.0.27130.2027
MinimumVisualStudioVersion = 10.0.40219.1
Project("{FAE04EC0-301F-11D3-BF4B-00C04F79EFBC}") = "12.03.18L", "12.03.18L\12.03.18L.csproj", "{9F6A18CF-3FC3-48D7-A9F5-012EA8F6A184}"
EndProject
Project("{FAE04EC0-301F-11D3-BF4B-00C04F79EFBC}") = "19.03.18L", "19.03.18L\19.03.18L.csproj", "{166795C4-A666-4AB8-8365-AF4B16A3845E}"
EndProject
Global
	GlobalSection(SolutionConfigurationPlatforms) = preSolution
		Debug|Any CPU = Debug|Any CPU
		Release|Any CPU = Release|Any CPU
	EndGlobalSection
	GlobalSection(ProjectConfigurationPlatforms) = postSolution
		{9F6A18CF-3FC3-48D7-A9F5-012EA8F6A184}.Debug|Any CPU.ActiveCfg = Debug|Any CPU
		{9F6A18CF-3FC3-48D7-A9F5-012EA8F6A184}.Debug|Any CPU.Build.0 = Debug|Any CPU
		{9F6A18CF-3FC3-48D7-A9F5-012EA8F6A184}.Release|Any CPU.ActiveCfg = Release|Any CPU
		{9F6A18CF-3FC3-48D7-A9F5-012EA8F6A184}.Release|Any CPU.Build.0 = Release|Any CPU
		{166795C4-A666-4AB8-8365-AF4B16A3845E}.Debug|Any CPU.ActiveCfg = Debug|Any CPU
		{166795C4-A666-4AB8-8365-AF4B16A3845E}.Debug|Any CPU.Build.0 = Debug|Any CPU
		{166795C4-A666-4AB8-8365-AF4B16A3845E}.Release|Any CPU.ActiveCfg = Release|Any CPU
		{166795C4-A666-4AB8-8365-AF4B16A3845E}.Release|Any CPU.Build.0 = Release|Any CPU
	EndGlobalSection
	GlobalSection(SolutionProperties) = preSolution
		HideSolutionNode = FALSE
	EndGlobalSection
	GlobalSection(ExtensibilityGlobals) = postSolution
		SolutionGuid = {68FE8DE4-632F-4313-8211-83D7868B1A28}
	EndGlobalSection
EndGlobal
