
Microsoft Visual Studio Solution File, Format Version 12.00
# Visual Studio 15
VisualStudioVersion = 15.0.28010.2003
MinimumVisualStudioVersion = 10.0.40219.1
Project("{00D1A9C2-B5F0-4AF3-8072-F6C62B433612}") = "konferentsyi", "konferentsyi\konferentsyi.sqlproj", "{A577719D-5F1D-4DD1-884B-B1347B522B3E}"
EndProject
Global
	GlobalSection(SolutionConfigurationPlatforms) = preSolution
		Debug|Any CPU = Debug|Any CPU
		Release|Any CPU = Release|Any CPU
	EndGlobalSection
	GlobalSection(ProjectConfigurationPlatforms) = postSolution
		{A577719D-5F1D-4DD1-884B-B1347B522B3E}.Debug|Any CPU.ActiveCfg = Debug|Any CPU
		{A577719D-5F1D-4DD1-884B-B1347B522B3E}.Debug|Any CPU.Build.0 = Debug|Any CPU
		{A577719D-5F1D-4DD1-884B-B1347B522B3E}.Debug|Any CPU.Deploy.0 = Debug|Any CPU
		{A577719D-5F1D-4DD1-884B-B1347B522B3E}.Release|Any CPU.ActiveCfg = Release|Any CPU
		{A577719D-5F1D-4DD1-884B-B1347B522B3E}.Release|Any CPU.Build.0 = Release|Any CPU
		{A577719D-5F1D-4DD1-884B-B1347B522B3E}.Release|Any CPU.Deploy.0 = Release|Any CPU
	EndGlobalSection
	GlobalSection(SolutionProperties) = preSolution
		HideSolutionNode = FALSE
	EndGlobalSection
	GlobalSection(ExtensibilityGlobals) = postSolution
		SolutionGuid = {F881A900-A58E-46F3-8413-EFEE20A36318}
	EndGlobalSection
EndGlobal
